
Microsoft Visual Studio Solution File, Format Version 12.00
# Visual Studio 14
VisualStudioVersion = 14.0.25420.1
MinimumVisualStudioVersion = 10.0.40219.1
Project("{FAE04EC0-301F-11D3-BF4B-00C04F79EFBC}") = "WUT_MSI.ModelsLib", "WUT_MSI.ModelsLib\WUT_MSI.ModelsLib.csproj", "{B3C3FF61-F5FE-4607-A9E4-926B9FEDD946}"
EndProject
Project("{FAE04EC0-301F-11D3-BF4B-00C04F79EFBC}") = "WUT_MSI.ApiTestConsole", "WUT_MSI.ApiTestConsole\WUT_MSI.ApiTestConsole.csproj", "{DBACE5F1-C71B-42B9-BEB6-FF2113FDD1B6}"
EndProject
Project("{FAE04EC0-301F-11D3-BF4B-00C04F79EFBC}") = "WUT_MSI.MainApp", "WUT_MSI.MainApp\WUT_MSI.MainApp.csproj", "{3E6ABF04-8278-4367-B388-BDFF99BD3BC9}"
EndProject
Project("{FAE04EC0-301F-11D3-BF4B-00C04F79EFBC}") = "ConsoleApplication1", "ConsoleApplication1\ConsoleApplication1.csproj", "{9B880F45-8534-4651-B155-E667E3150216}"
EndProject
Project("{FAE04EC0-301F-11D3-BF4B-00C04F79EFBC}") = "WUT_MSI.WebApp", "WUT_MSI.WebApp\WUT_MSI.WebApp.csproj", "{FB959AC2-ACBA-417E-B92E-84B93658DD3D}"
EndProject
Global
	GlobalSection(SolutionConfigurationPlatforms) = preSolution
		Debug|Any CPU = Debug|Any CPU
		Release|Any CPU = Release|Any CPU
	EndGlobalSection
	GlobalSection(ProjectConfigurationPlatforms) = postSolution
		{B3C3FF61-F5FE-4607-A9E4-926B9FEDD946}.Debug|Any CPU.ActiveCfg = Debug|Any CPU
		{B3C3FF61-F5FE-4607-A9E4-926B9FEDD946}.Debug|Any CPU.Build.0 = Debug|Any CPU
		{B3C3FF61-F5FE-4607-A9E4-926B9FEDD946}.Release|Any CPU.ActiveCfg = Release|Any CPU
		{B3C3FF61-F5FE-4607-A9E4-926B9FEDD946}.Release|Any CPU.Build.0 = Release|Any CPU
		{DBACE5F1-C71B-42B9-BEB6-FF2113FDD1B6}.Debug|Any CPU.ActiveCfg = Debug|Any CPU
		{DBACE5F1-C71B-42B9-BEB6-FF2113FDD1B6}.Debug|Any CPU.Build.0 = Debug|Any CPU
		{DBACE5F1-C71B-42B9-BEB6-FF2113FDD1B6}.Release|Any CPU.ActiveCfg = Release|Any CPU
		{DBACE5F1-C71B-42B9-BEB6-FF2113FDD1B6}.Release|Any CPU.Build.0 = Release|Any CPU
		{3E6ABF04-8278-4367-B388-BDFF99BD3BC9}.Debug|Any CPU.ActiveCfg = Debug|Any CPU
		{3E6ABF04-8278-4367-B388-BDFF99BD3BC9}.Debug|Any CPU.Build.0 = Debug|Any CPU
		{3E6ABF04-8278-4367-B388-BDFF99BD3BC9}.Release|Any CPU.ActiveCfg = Release|Any CPU
		{3E6ABF04-8278-4367-B388-BDFF99BD3BC9}.Release|Any CPU.Build.0 = Release|Any CPU
		{9B880F45-8534-4651-B155-E667E3150216}.Debug|Any CPU.ActiveCfg = Debug|Any CPU
		{9B880F45-8534-4651-B155-E667E3150216}.Debug|Any CPU.Build.0 = Debug|Any CPU
		{9B880F45-8534-4651-B155-E667E3150216}.Release|Any CPU.ActiveCfg = Release|Any CPU
		{9B880F45-8534-4651-B155-E667E3150216}.Release|Any CPU.Build.0 = Release|Any CPU
		{FB959AC2-ACBA-417E-B92E-84B93658DD3D}.Debug|Any CPU.ActiveCfg = Debug|Any CPU
		{FB959AC2-ACBA-417E-B92E-84B93658DD3D}.Debug|Any CPU.Build.0 = Debug|Any CPU
		{FB959AC2-ACBA-417E-B92E-84B93658DD3D}.Release|Any CPU.ActiveCfg = Release|Any CPU
		{FB959AC2-ACBA-417E-B92E-84B93658DD3D}.Release|Any CPU.Build.0 = Release|Any CPU
	EndGlobalSection
	GlobalSection(SolutionProperties) = preSolution
		HideSolutionNode = FALSE
	EndGlobalSection
	GlobalSection(ExtensibilityGlobals) = postSolution
		SolutionGuid = {D4025385-E795-43BA-B4BF-F6EBB9F5B667}
	EndGlobalSection
EndGlobal
