
Microsoft Visual Studio Solution File, Format Version 12.00
# Visual Studio 15
VisualStudioVersion = 15.0.26730.16
MinimumVisualStudioVersion = 10.0.40219.1
Project("{FAE04EC0-301F-11D3-BF4B-00C04F79EFBC}") = "WUT_MSI.Models", "WUT_MSI.Models\WUT_MSI.Models.csproj", "{6B8DF421-372A-4C91-91D6-00E3CFF2B3A4}"
EndProject
Global
	GlobalSection(SolutionConfigurationPlatforms) = preSolution
		Debug|Any CPU = Debug|Any CPU
		Release|Any CPU = Release|Any CPU
	EndGlobalSection
	GlobalSection(ProjectConfigurationPlatforms) = postSolution
		{6B8DF421-372A-4C91-91D6-00E3CFF2B3A4}.Debug|Any CPU.ActiveCfg = Debug|Any CPU
		{6B8DF421-372A-4C91-91D6-00E3CFF2B3A4}.Debug|Any CPU.Build.0 = Debug|Any CPU
		{6B8DF421-372A-4C91-91D6-00E3CFF2B3A4}.Release|Any CPU.ActiveCfg = Release|Any CPU
		{6B8DF421-372A-4C91-91D6-00E3CFF2B3A4}.Release|Any CPU.Build.0 = Release|Any CPU
	EndGlobalSection
	GlobalSection(SolutionProperties) = preSolution
		HideSolutionNode = FALSE
	EndGlobalSection
	GlobalSection(ExtensibilityGlobals) = postSolution
		SolutionGuid = {D4025385-E795-43BA-B4BF-F6EBB9F5B667}
	EndGlobalSection
EndGlobal
